
Microsoft Visual Studio Solution File, Format Version 12.00
# Visual Studio Version 17
VisualStudioVersion = 17.14.36717.8 d17.14
MinimumVisualStudioVersion = 10.0.40219.1
Project("{8BC9CEB8-8B4A-11D0-8D11-00A0C91BC942}") = "lab22t1", "lab22t1\lab22t1.vcxproj", "{CF4D6AF7-D109-40EA-A7F3-19D7D6568A56}"
EndProject
Project("{8BC9CEB8-8B4A-11D0-8D11-00A0C91BC942}") = "lab22hw", "lab22hw\lab22hw.vcxproj", "{EF78BB5A-CFED-4ABD-83B2-F08EA172E6F2}"
EndProject
Project("{8BC9CEB8-8B4A-11D0-8D11-00A0C91BC942}") = "lab22t2", "lab22t2\lab22t2.vcxproj", "{AFECFB8E-42A1-4EB6-9D19-CCF266BCE48B}"
EndProject
Global
	GlobalSection(SolutionConfigurationPlatforms) = preSolution
		Debug|x64 = Debug|x64
		Debug|x86 = Debug|x86
		Release|x64 = Release|x64
		Release|x86 = Release|x86
	EndGlobalSection
	GlobalSection(ProjectConfigurationPlatforms) = postSolution
		{CF4D6AF7-D109-40EA-A7F3-19D7D6568A56}.Debug|x64.ActiveCfg = Debug|x64
		{CF4D6AF7-D109-40EA-A7F3-19D7D6568A56}.Debug|x64.Build.0 = Debug|x64
		{CF4D6AF7-D109-40EA-A7F3-19D7D6568A56}.Debug|x86.ActiveCfg = Debug|Win32
		{CF4D6AF7-D109-40EA-A7F3-19D7D6568A56}.Debug|x86.Build.0 = Debug|Win32
		{CF4D6AF7-D109-40EA-A7F3-19D7D6568A56}.Release|x64.ActiveCfg = Release|x64
		{CF4D6AF7-D109-40EA-A7F3-19D7D6568A56}.Release|x64.Build.0 = Release|x64
		{CF4D6AF7-D109-40EA-A7F3-19D7D6568A56}.Release|x86.ActiveCfg = Release|Win32
		{CF4D6AF7-D109-40EA-A7F3-19D7D6568A56}.Release|x86.Build.0 = Release|Win32
		{EF78BB5A-CFED-4ABD-83B2-F08EA172E6F2}.Debug|x64.ActiveCfg = Debug|x64
		{EF78BB5A-CFED-4ABD-83B2-F08EA172E6F2}.Debug|x64.Build.0 = Debug|x64
		{EF78BB5A-CFED-4ABD-83B2-F08EA172E6F2}.Debug|x86.ActiveCfg = Debug|Win32
		{EF78BB5A-CFED-4ABD-83B2-F08EA172E6F2}.Debug|x86.Build.0 = Debug|Win32
		{EF78BB5A-CFED-4ABD-83B2-F08EA172E6F2}.Release|x64.ActiveCfg = Release|x64
		{EF78BB5A-CFED-4ABD-83B2-F08EA172E6F2}.Release|x64.Build.0 = Release|x64
		{EF78BB5A-CFED-4ABD-83B2-F08EA172E6F2}.Release|x86.ActiveCfg = Release|Win32
		{EF78BB5A-CFED-4ABD-83B2-F08EA172E6F2}.Release|x86.Build.0 = Release|Win32
		{AFECFB8E-42A1-4EB6-9D19-CCF266BCE48B}.Debug|x64.ActiveCfg = Debug|x64
		{AFECFB8E-42A1-4EB6-9D19-CCF266BCE48B}.Debug|x64.Build.0 = Debug|x64
		{AFECFB8E-42A1-4EB6-9D19-CCF266BCE48B}.Debug|x86.ActiveCfg = Debug|Win32
		{AFECFB8E-42A1-4EB6-9D19-CCF266BCE48B}.Debug|x86.Build.0 = Debug|Win32
		{AFECFB8E-42A1-4EB6-9D19-CCF266BCE48B}.Release|x64.ActiveCfg = Release|x64
		{AFECFB8E-42A1-4EB6-9D19-CCF266BCE48B}.Release|x64.Build.0 = Release|x64
		{AFECFB8E-42A1-4EB6-9D19-CCF266BCE48B}.Release|x86.ActiveCfg = Release|Win32
		{AFECFB8E-42A1-4EB6-9D19-CCF266BCE48B}.Release|x86.Build.0 = Release|Win32
	EndGlobalSection
	GlobalSection(SolutionProperties) = preSolution
		HideSolutionNode = FALSE
	EndGlobalSection
	GlobalSection(ExtensibilityGlobals) = postSolution
		SolutionGuid = {6294166E-01D7-4459-A15C-8F077DAF16AD}
	EndGlobalSection
EndGlobal
